// !$*UTF8*$!
{
	archiveVersion = 1;
	classes = {
	};
	objectVersion = 48;
	objects = {

/* Begin PBXBuildFile section */
		85C20BA41FDC67CA00959CBC /* AppDelegate.swift in Sources */ = {isa = PBXBuildFile; fileRef = 85C20BA31FDC67CA00959CBC /* AppDelegate.swift */; };
		85C20BA61FDC67CA00959CBC /* ViewController.swift in Sources */ = {isa = PBXBuildFile; fileRef = 85C20BA51FDC67CA00959CBC /* ViewController.swift */; };
		85C20BA91FDC67CA00959CBC /* Main.storyboard in Resources */ = {isa = PBXBuildFile; fileRef = 85C20BA71FDC67CA00959CBC /* Main.storyboard */; };
		85C20BAB1FDC67CA00959CBC /* Assets.xcassets in Resources */ = {isa = PBXBuildFile; fileRef = 85C20BAA1FDC67CA00959CBC /* Assets.xcassets */; };
		85C20BAE1FDC67CA00959CBC /* LaunchScreen.storyboard in Resources */ = {isa = PBXBuildFile; fileRef = 85C20BAC1FDC67CA00959CBC /* LaunchScreen.storyboard */; };
		85C20BB61FDC67EB00959CBC /* BaseViewController.swift in Sources */ = {isa = PBXBuildFile; fileRef = 85C20BB51FDC67EB00959CBC /* BaseViewController.swift */; };
		85C20BBB1FDC68F300959CBC /* ViewController.xib in Resources */ = {isa = PBXBuildFile; fileRef = 85C20BBA1FDC68F300959CBC /* ViewController.xib */; };
		85C20BBD1FDC69DF00959CBC /* Todo.swift in Sources */ = {isa = PBXBuildFile; fileRef = 85C20BBC1FDC69DF00959CBC /* Todo.swift */; };
		85C20BC21FDC736300959CBC /* CellTableViewCell.swift in Sources */ = {isa = PBXBuildFile; fileRef = 85C20BC01FDC736300959CBC /* CellTableViewCell.swift */; };
		85C20BC31FDC736300959CBC /* CellTableViewCell.xib in Resources */ = {isa = PBXBuildFile; fileRef = 85C20BC11FDC736300959CBC /* CellTableViewCell.xib */; };
/* End PBXBuildFile section */

/* Begin PBXFileReference section */
		85C20BA01FDC67CA00959CBC /* TodoList.app */ = {isa = PBXFileReference; explicitFileType = wrapper.application; includeInIndex = 0; path = TodoList.app; sourceTree = BUILT_PRODUCTS_DIR; };
		85C20BA31FDC67CA00959CBC /* AppDelegate.swift */ = {isa = PBXFileReference; lastKnownFileType = sourcecode.swift; path = AppDelegate.swift; sourceTree = "<group>"; };
		85C20BA51FDC67CA00959CBC /* ViewController.swift */ = {isa = PBXFileReference; lastKnownFileType = sourcecode.swift; path = ViewController.swift; sourceTree = "<group>"; };
		85C20BA81FDC67CA00959CBC /* Base */ = {isa = PBXFileReference; lastKnownFileType = file.storyboard; name = Base; path = Base.lproj/Main.storyboard; sourceTree = "<group>"; };
		85C20BAA1FDC67CA00959CBC /* Assets.xcassets */ = {isa = PBXFileReference; lastKnownFileType = folder.assetcatalog; path = Assets.xcassets; sourceTree = "<group>"; };
		85C20BAD1FDC67CA00959CBC /* Base */ = {isa = PBXFileReference; lastKnownFileType = file.storyboard; name = Base; path = Base.lproj/LaunchScreen.storyboard; sourceTree = "<group>"; };
		85C20BAF1FDC67CA00959CBC /* Info.plist */ = {isa = PBXFileReference; lastKnownFileType = text.plist.xml; path = Info.plist; sourceTree = "<group>"; };
		85C20BB51FDC67EB00959CBC /* BaseViewController.swift */ = {isa = PBXFileReference; fileEncoding = 4; lastKnownFileType = sourcecode.swift; path = BaseViewController.swift; sourceTree = "<group>"; };
		85C20BBA1FDC68F300959CBC /* ViewController.xib */ = {isa = PBXFileReference; lastKnownFileType = file.xib; path = ViewController.xib; sourceTree = "<group>"; };
		85C20BBC1FDC69DF00959CBC /* Todo.swift */ = {isa = PBXFileReference; lastKnownFileType = sourcecode.swift; path = Todo.swift; sourceTree = "<group>"; };
		85C20BC01FDC736300959CBC /* CellTableViewCell.swift */ = {isa = PBXFileReference; lastKnownFileType = sourcecode.swift; path = CellTableViewCell.swift; sourceTree = "<group>"; };
		85C20BC11FDC736300959CBC /* CellTableViewCell.xib */ = {isa = PBXFileReference; lastKnownFileType = file.xib; path = CellTableViewCell.xib; sourceTree = "<group>"; };
/* End PBXFileReference section */

/* Begin PBXFrameworksBuildPhase section */
		85C20B9D1FDC67CA00959CBC /* Frameworks */ = {
			isa = PBXFrameworksBuildPhase;
			buildActionMask = 2147483647;
			files = (
			);
			runOnlyForDeploymentPostprocessing = 0;
		};
/* End PBXFrameworksBuildPhase section */

/* Begin PBXGroup section */
		85C20B971FDC67CA00959CBC = {
			isa = PBXGroup;
			children = (
				85C20BA21FDC67CA00959CBC /* TodoList */,
				85C20BA11FDC67CA00959CBC /* Products */,
			);
			sourceTree = "<group>";
		};
		85C20BA11FDC67CA00959CBC /* Products */ = {
			isa = PBXGroup;
			children = (
				85C20BA01FDC67CA00959CBC /* TodoList.app */,
			);
			name = Products;
			sourceTree = "<group>";
		};
		85C20BA21FDC67CA00959CBC /* TodoList */ = {
			isa = PBXGroup;
			children = (
				85C20BA31FDC67CA00959CBC /* AppDelegate.swift */,
				85C20BB51FDC67EB00959CBC /* BaseViewController.swift */,
				85C20BB91FDC689800959CBC /* Models */,
				85C20BB81FDC687600959CBC /* View */,
				85C20BC41FDC736D00959CBC /* Cell */,
				85C20BB71FDC686E00959CBC /* Controllers */,
				85C20BAA1FDC67CA00959CBC /* Assets.xcassets */,
				85C20BAC1FDC67CA00959CBC /* LaunchScreen.storyboard */,
				85C20BAF1FDC67CA00959CBC /* Info.plist */,
			);
			path = TodoList;
			sourceTree = "<group>";
		};
		85C20BB71FDC686E00959CBC /* Controllers */ = {
			isa = PBXGroup;
			children = (
				85C20BA51FDC67CA00959CBC /* ViewController.swift */,
				85C20BBA1FDC68F300959CBC /* ViewController.xib */,
			);
			path = Controllers;
			sourceTree = "<group>";
		};
		85C20BB81FDC687600959CBC /* View */ = {
			isa = PBXGroup;
			children = (
				85C20BA71FDC67CA00959CBC /* Main.storyboard */,
			);
			path = View;
			sourceTree = "<group>";
		};
		85C20BB91FDC689800959CBC /* Models */ = {
			isa = PBXGroup;
			children = (
				85C20BBC1FDC69DF00959CBC /* Todo.swift */,
			);
			path = Models;
			sourceTree = "<group>";
		};
		85C20BC41FDC736D00959CBC /* Cell */ = {
			isa = PBXGroup;
			children = (
				85C20BC01FDC736300959CBC /* CellTableViewCell.swift */,
				85C20BC11FDC736300959CBC /* CellTableViewCell.xib */,
			);
			path = Cell;
			sourceTree = "<group>";
		};
/* End PBXGroup section */

/* Begin PBXNativeTarget section */
		85C20B9F1FDC67CA00959CBC /* TodoList */ = {
			isa = PBXNativeTarget;
			buildConfigurationList = 85C20BB21FDC67CA00959CBC /* Build configuration list for PBXNativeTarget "TodoList" */;
			buildPhases = (
				85C20B9C1FDC67CA00959CBC /* Sources */,
				85C20B9D1FDC67CA00959CBC /* Frameworks */,
				85C20B9E1FDC67CA00959CBC /* Resources */,
			);
			buildRules = (
			);
			dependencies = (
			);
			name = TodoList;
			productName = TodoList;
			productReference = 85C20BA01FDC67CA00959CBC /* TodoList.app */;
			productType = "com.apple.product-type.application";
		};
/* End PBXNativeTarget section */

/* Begin PBXProject section */
		85C20B981FDC67CA00959CBC /* Project object */ = {
			isa = PBXProject;
			attributes = {
				LastSwiftUpdateCheck = 0920;
				LastUpgradeCheck = 0920;
				ORGANIZATIONNAME = Developer.Institute;
				TargetAttributes = {
					85C20B9F1FDC67CA00959CBC = {
						CreatedOnToolsVersion = 9.2;
						ProvisioningStyle = Automatic;
					};
				};
			};
			buildConfigurationList = 85C20B9B1FDC67CA00959CBC /* Build configuration list for PBXProject "TodoList" */;
			compatibilityVersion = "Xcode 8.0";
			developmentRegion = en;
			hasScannedForEncodings = 0;
			knownRegions = (
				en,
				Base,
			);
			mainGroup = 85C20B971FDC67CA00959CBC;
			productRefGroup = 85C20BA11FDC67CA00959CBC /* Products */;
			projectDirPath = "";
			projectRoot = "";
			targets = (
				85C20B9F1FDC67CA00959CBC /* TodoList */,
			);
		};
/* End PBXProject section */

/* Begin PBXResourcesBuildPhase section */
		85C20B9E1FDC67CA00959CBC /* Resources */ = {
			isa = PBXResourcesBuildPhase;
			buildActionMask = 2147483647;
			files = (
				85C20BAE1FDC67CA00959CBC /* LaunchScreen.storyboard in Resources */,
				85C20BAB1FDC67CA00959CBC /* Assets.xcassets in Resources */,
				85C20BBB1FDC68F300959CBC /* ViewController.xib in Resources */,
				85C20BA91FDC67CA00959CBC /* Main.storyboard in Resources */,
				85C20BC31FDC736300959CBC /* CellTableViewCell.xib in Resources */,
			);
			runOnlyForDeploymentPostprocessing = 0;
		};
/* End PBXResourcesBuildPhase section */

/* Begin PBXSourcesBuildPhase section */
		85C20B9C1FDC67CA00959CBC /* Sources */ = {
			isa = PBXSourcesBuildPhase;
			buildActionMask = 2147483647;
			files = (
				85C20BA61FDC67CA00959CBC /* ViewController.swift in Sources */,
				85C20BA41FDC67CA00959CBC /* AppDelegate.swift in Sources */,
				85C20BB61FDC67EB00959CBC /* BaseViewController.swift in Sources */,
				85C20BC21FDC736300959CBC /* CellTableViewCell.swift in Sources */,
				85C20BBD1FDC69DF00959CBC /* Todo.swift in Sources */,
			);
			runOnlyForDeploymentPostprocessing = 0;
		};
/* End PBXSourcesBuildPhase section */

/* Begin PBXVariantGroup section */
		85C20BA71FDC67CA00959CBC /* Main.storyboard */ = {
			isa = PBXVariantGroup;
			children = (
				85C20BA81FDC67CA00959CBC /* Base */,
			);
			name = Main.storyboard;
			sourceTree = "<group>";
		};
		85C20BAC1FDC67CA00959CBC /* LaunchScreen.storyboard */ = {
			isa = PBXVariantGroup;
			children = (
				85C20BAD1FDC67CA00959CBC /* Base */,
			);
			name = LaunchScreen.storyboard;
			sourceTree = "<group>";
		};
/* End PBXVariantGroup section */

/* Begin XCBuildConfiguration section */
		85C20BB01FDC67CA00959CBC /* Debug */ = {
			isa = XCBuildConfiguration;
			buildSettings = {
				ALWAYS_SEARCH_USER_PATHS = NO;
				CLANG_ANALYZER_NONNULL = YES;
				CLANG_ANALYZER_NUMBER_OBJECT_CONVERSION = YES_AGGRESSIVE;
				CLANG_CXX_LANGUAGE_STANDARD = "gnu++14";
				CLANG_CXX_LIBRARY = "libc++";
				CLANG_ENABLE_MODULES = YES;
				CLANG_ENABLE_OBJC_ARC = YES;
				CLANG_WARN_BLOCK_CAPTURE_AUTORELEASING = YES;
				CLANG_WARN_BOOL_CONVERSION = YES;
				CLANG_WARN_COMMA = YES;
				CLANG_WARN_CONSTANT_CONVERSION = YES;
				CLANG_WARN_DIRECT_OBJC_ISA_USAGE = YES_ERROR;
				CLANG_WARN_DOCUMENTATION_COMMENTS = YES;
				CLANG_WARN_EMPTY_BODY = YES;
				CLANG_WARN_ENUM_CONVERSION = YES;
				CLANG_WARN_INFINITE_RECURSION = YES;
				CLANG_WARN_INT_CONVERSION = YES;
				CLANG_WARN_NON_LITERAL_NULL_CONVERSION = YES;
				CLANG_WARN_OBJC_LITERAL_CONVERSION = YES;
				CLANG_WARN_OBJC_ROOT_CLASS = YES_ERROR;
				CLANG_WARN_RANGE_LOOP_ANALYSIS = YES;
				CLANG_WARN_STRICT_PROTOTYPES = YES;
				CLANG_WARN_SUSPICIOUS_MOVE = YES;
				CLANG_WARN_UNGUARDED_AVAILABILITY = YES_AGGRESSIVE;
				CLANG_WARN_UNREACHABLE_CODE = YES;
				CLANG_WARN__DUPLICATE_METHOD_MATCH = YES;
				CODE_SIGN_IDENTITY = "iPhone Developer";
				COPY_PHASE_STRIP = NO;
				DEBUG_INFORMATION_FORMAT = dwarf;
				ENABLE_STRICT_OBJC_MSGSEND = YES;
				ENABLE_TESTABILITY = YES;
				GCC_C_LANGUAGE_STANDARD = gnu11;
				GCC_DYNAMIC_NO_PIC = NO;
				GCC_NO_COMMON_BLOCKS = YES;
				GCC_OPTIMIZATION_LEVEL = 0;
				GCC_PREPROCESSOR_DEFINITIONS = (
					"DEBUG=1",
					"$(inherited)",
				);
				GCC_WARN_64_TO_32_BIT_CONVERSION = YES;
				GCC_WARN_ABOUT_RETURN_TYPE = YES_ERROR;
				GCC_WARN_UNDECLARED_SELECTOR = YES;
				GCC_WARN_UNINITIALIZED_AUTOS = YES_AGGRESSIVE;
				GCC_WARN_UNUSED_FUNCTION = YES;
				GCC_WARN_UNUSED_VARIABLE = YES;
				IPHONEOS_DEPLOYMENT_TARGET = 11.2;
				MTL_ENABLE_DEBUG_INFO = YES;
				ONLY_ACTIVE_ARCH = YES;
				SDKROOT = iphoneos;
				SWIFT_ACTIVE_COMPILATION_CONDITIONS = DEBUG;
				SWIFT_OPTIMIZATION_LEVEL = "-Onone";
			};
			name = Debug;
		};
		85C20BB11FDC67CA00959CBC /* Release */ = {
			isa = XCBuildConfiguration;
			buildSettings = {
				ALWAYS_SEARCH_USER_PATHS = NO;
				CLANG_ANALYZER_NONNULL = YES;
				CLANG_ANALYZER_NUMBER_OBJECT_CONVERSION = YES_AGGRESSIVE;
				CLANG_CXX_LANGUAGE_STANDARD = "gnu++14";
				CLANG_CXX_LIBRARY = "libc++";
				CLANG_ENABLE_MODULES = YES;
				CLANG_ENABLE_OBJC_ARC = YES;
				CLANG_WARN_BLOCK_CAPTURE_AUTORELEASING = YES;
				CLANG_WARN_BOOL_CONVERSION = YES;
				CLANG_WARN_COMMA = YES;
				CLANG_WARN_CONSTANT_CONVERSION = YES;
				CLANG_WARN_DIRECT_OBJC_ISA_USAGE = YES_ERROR;
				CLANG_WARN_DOCUMENTATION_COMMENTS = YES;
				CLANG_WARN_EMPTY_BODY = YES;
				CLANG_WARN_ENUM_CONVERSION = YES;
				CLANG_WARN_INFINITE_RECURSION = YES;
				CLANG_WARN_INT_CONVERSION = YES;
				CLANG_WARN_NON_LITERAL_NULL_CONVERSION = YES;
				CLANG_WARN_OBJC_LITERAL_CONVERSION = YES;
				CLANG_WARN_OBJC_ROOT_CLASS = YES_ERROR;
				CLANG_WARN_RANGE_LOOP_ANALYSIS = YES;
				CLANG_WARN_STRICT_PROTOTYPES = YES;
				CLANG_WARN_SUSPICIOUS_MOVE = YES;
				CLANG_WARN_UNGUARDED_AVAILABILITY = YES_AGGRESSIVE;
				CLANG_WARN_UNREACHABLE_CODE = YES;
				CLANG_WARN__DUPLICATE_METHOD_MATCH = YES;
				CODE_SIGN_IDENTITY = "iPhone Developer";
				COPY_PHASE_STRIP = NO;
				DEBUG_INFORMATION_FORMAT = "dwarf-with-dsym";
				ENABLE_NS_ASSERTIONS = NO;
				ENABLE_STRICT_OBJC_MSGSEND = YES;
				GCC_C_LANGUAGE_STANDARD = gnu11;
				GCC_NO_COMMON_BLOCKS = YES;
				GCC_WARN_64_TO_32_BIT_CONVERSION = YES;
				GCC_WARN_ABOUT_RETURN_TYPE = YES_ERROR;
				GCC_WARN_UNDECLARED_SELECTOR = YES;
				GCC_WARN_UNINITIALIZED_AUTOS = YES_AGGRESSIVE;
				GCC_WARN_UNUSED_FUNCTION = YES;
				GCC_WARN_UNUSED_VARIABLE = YES;
				IPHONEOS_DEPLOYMENT_TARGET = 11.2;
				MTL_ENABLE_DEBUG_INFO = NO;
				SDKROOT = iphoneos;
				SWIFT_OPTIMIZATION_LEVEL = "-Owholemodule";
				VALIDATE_PRODUCT = YES;
			};
			name = Release;
		};
		85C20BB31FDC67CA00959CBC /* Debug */ = {
			isa = XCBuildConfiguration;
			buildSettings = {
				ASSETCATALOG_COMPILER_APPICON_NAME = AppIcon;
				CODE_SIGN_STYLE = Automatic;
				DEVELOPMENT_TEAM = 863SU8KM77;
				INFOPLIST_FILE = TodoList/Info.plist;
				LD_RUNPATH_SEARCH_PATHS = "$(inherited) @executable_path/Frameworks";
				PRODUCT_BUNDLE_IDENTIFIER = Institute.developer.TodoList;
				PRODUCT_NAME = "$(TARGET_NAME)";
				SWIFT_VERSION = 4.0;
				TARGETED_DEVICE_FAMILY = "1,2";
			};
			name = Debug;
		};
		85C20BB41FDC67CA00959CBC /* Release */ = {
			isa = XCBuildConfiguration;
			buildSettings = {
				ASSETCATALOG_COMPILER_APPICON_NAME = AppIcon;
				CODE_SIGN_STYLE = Automatic;
				DEVELOPMENT_TEAM = 863SU8KM77;
				INFOPLIST_FILE = TodoList/Info.plist;
				LD_RUNPATH_SEARCH_PATHS = "$(inherited) @executable_path/Frameworks";
				PRODUCT_BUNDLE_IDENTIFIER = Institute.developer.TodoList;
				PRODUCT_NAME = "$(TARGET_NAME)";
				SWIFT_VERSION = 4.0;
				TARGETED_DEVICE_FAMILY = "1,2";
			};
			name = Release;
		};
/* End XCBuildConfiguration section */

/* Begin XCConfigurationList section */
		85C20B9B1FDC67CA00959CBC /* Build configuration list for PBXProject "TodoList" */ = {
			isa = XCConfigurationList;
			buildConfigurations = (
				85C20BB01FDC67CA00959CBC /* Debug */,
				85C20BB11FDC67CA00959CBC /* Release */,
			);
			defaultConfigurationIsVisible = 0;
			defaultConfigurationName = Release;
		};
		85C20BB21FDC67CA00959CBC /* Build configuration list for PBXNativeTarget "TodoList" */ = {
			isa = XCConfigurationList;
			buildConfigurations = (
				85C20BB31FDC67CA00959CBC /* Debug */,
				85C20BB41FDC67CA00959CBC /* Release */,
			);
			defaultConfigurationIsVisible = 0;
			defaultConfigurationName = Release;
		};
/* End XCConfigurationList section */
	};
	rootObject = 85C20B981FDC67CA00959CBC /* Project object */;
}
